// !$*UTF8*$!
{
	archiveVersion = 1;
	classes = {
	};
	objectVersion = 56;
	objects = {

/* Begin PBXBuildFile section */
		1B20F6002C40000100100001 /* MorpheApp.swift in Sources */ = {isa = PBXBuildFile; fileRef = 1B20F6002C40000100100011 /* MorpheApp.swift */; };
		1B20F6002C40000100100002 /* RootView.swift in Sources */ = {isa = PBXBuildFile; fileRef = 1B20F6002C40000100100012 /* RootView.swift */; };
		1B20F6002C40000100100003 /* MorpheTheme.swift in Sources */ = {isa = PBXBuildFile; fileRef = 1B20F6002C40000100100013 /* MorpheTheme.swift */; };
		1B20F6002C40000100100004 /* GlassCard.swift in Sources */ = {isa = PBXBuildFile; fileRef = 1B20F6002C40000100100014 /* GlassCard.swift */; };
		1B20F6002C40000100100005 /* HomeView.swift in Sources */ = {isa = PBXBuildFile; fileRef = 1B20F6002C40000100100015 /* HomeView.swift */; };
		1B20F6002C40000100100006 /* WorkoutView.swift in Sources */ = {isa = PBXBuildFile; fileRef = 1B20F6002C40000100100016 /* WorkoutView.swift */; };
		1B20F6002C40000100100007 /* ProgressView.swift in Sources */ = {isa = PBXBuildFile; fileRef = 1B20F6002C40000100100017 /* ProgressView.swift */; };
		1B20F6002C40000100100008 /* ChatView.swift in Sources */ = {isa = PBXBuildFile; fileRef = 1B20F6002C40000100100018 /* ChatView.swift */; };
		1B20F6002C40000100100009 /* Assets.xcassets in Resources */ = {isa = PBXBuildFile; fileRef = 1B20F6002C40000100100019 /* Assets.xcassets */; };
		1B20F6002C4000010010004A /* PrivacyInfo.xcprivacy in Resources */ = {isa = PBXBuildFile; fileRef = 1B20F6002C40000100100065 /* PrivacyInfo.xcprivacy */; };
		1B20F6002C40000100100040 /* MorpheModels.swift in Sources */ = {isa = PBXBuildFile; fileRef = 1B20F6002C40000100100050 /* MorpheModels.swift */; };
		1B20F6002C40000100100041 /* MorpheServices.swift in Sources */ = {isa = PBXBuildFile; fileRef = 1B20F6002C40000100100051 /* MorpheServices.swift */; };
		1B20F6002C40000100100042 /* MorpheStore.swift in Sources */ = {isa = PBXBuildFile; fileRef = 1B20F6002C40000100100052 /* MorpheStore.swift */; };
		1B20F6002C40000100100043 /* OnboardingView.swift in Sources */ = {isa = PBXBuildFile; fileRef = 1B20F6002C40000100100053 /* OnboardingView.swift */; };
		1B20F6002C4000010010004C /* AuthView.swift in Sources */ = {isa = PBXBuildFile; fileRef = 1B20F6002C40000100100067 /* AuthView.swift */; };
		1B20F6002C40000100100044 /* JournalScheduleView.swift in Sources */ = {isa = PBXBuildFile; fileRef = 1B20F6002C40000100100054 /* JournalScheduleView.swift */; };
		1B20F6002C40000100100045 /* CoachDashboardView.swift in Sources */ = {isa = PBXBuildFile; fileRef = 1B20F6002C40000100100055 /* CoachDashboardView.swift */; };
		1B20F6002C40000100100046 /* DiscoverView.swift in Sources */ = {isa = PBXBuildFile; fileRef = 1B20F6002C40000100100061 /* DiscoverView.swift */; };
		1B20F6002C40000100100047 /* MoreView.swift in Sources */ = {isa = PBXBuildFile; fileRef = 1B20F6002C40000100100062 /* MoreView.swift */; };
		1B20F6002C40000100100048 /* WorkoutPersistence.swift in Sources */ = {isa = PBXBuildFile; fileRef = 1B20F6002C40000100100063 /* WorkoutPersistence.swift */; };
		1B20F6002C40000100100049 /* ProfilePersistence.swift in Sources */ = {isa = PBXBuildFile; fileRef = 1B20F6002C40000100100064 /* ProfilePersistence.swift */; };
		1B20F6002C4000010010004B /* Accounts.swift in Sources */ = {isa = PBXBuildFile; fileRef = 1B20F6002C40000100100066 /* Accounts.swift */; };
		1B20F6002C400001001000AA /* PersistenceTests.swift in Sources */ = {isa = PBXBuildFile; fileRef = 1B20F6002C400001001000A9 /* PersistenceTests.swift */; };
/* End PBXBuildFile section */

/* Begin PBXContainerItemProxy section */
		1B20F6002C400001001000AC /* PBXContainerItemProxy */ = {
			isa = PBXContainerItemProxy;
			containerPortal = 1B20F6002C40000100100028 /* Project object */;
			proxyType = 1;
			remoteGlobalIDString = 1B20F6002C40000100100024;
			remoteInfo = Morphe;
		};
/* End PBXContainerItemProxy section */

/* Begin PBXTargetDependency section */
		1B20F6002C400001001000AB /* PBXTargetDependency */ = {
			isa = PBXTargetDependency;
			target = 1B20F6002C40000100100024 /* Morphe */;
			targetProxy = 1B20F6002C400001001000AC /* PBXContainerItemProxy */;
		};
/* End PBXTargetDependency section */

/* Begin PBXFileReference section */
		1B20F6002C40000100100010 /* Morphe.app */ = {isa = PBXFileReference; explicitFileType = wrapper.application; includeInIndex = 0; path = Morphe.app; sourceTree = BUILT_PRODUCTS_DIR; };
		1B20F6002C40000100100011 /* MorpheApp.swift */ = {isa = PBXFileReference; lastKnownFileType = sourcecode.swift; path = MorpheApp.swift; sourceTree = "<group>"; };
		1B20F6002C40000100100012 /* RootView.swift */ = {isa = PBXFileReference; lastKnownFileType = sourcecode.swift; path = RootView.swift; sourceTree = "<group>"; };
		1B20F6002C40000100100013 /* MorpheTheme.swift */ = {isa = PBXFileReference; lastKnownFileType = sourcecode.swift; path = MorpheTheme.swift; sourceTree = "<group>"; };
		1B20F6002C40000100100014 /* GlassCard.swift */ = {isa = PBXFileReference; lastKnownFileType = sourcecode.swift; path = GlassCard.swift; sourceTree = "<group>"; };
		1B20F6002C40000100100015 /* HomeView.swift */ = {isa = PBXFileReference; lastKnownFileType = sourcecode.swift; path = HomeView.swift; sourceTree = "<group>"; };
		1B20F6002C40000100100016 /* WorkoutView.swift */ = {isa = PBXFileReference; lastKnownFileType = sourcecode.swift; path = WorkoutView.swift; sourceTree = "<group>"; };
		1B20F6002C40000100100017 /* ProgressView.swift */ = {isa = PBXFileReference; lastKnownFileType = sourcecode.swift; path = ProgressView.swift; sourceTree = "<group>"; };
		1B20F6002C40000100100018 /* ChatView.swift */ = {isa = PBXFileReference; lastKnownFileType = sourcecode.swift; path = ChatView.swift; sourceTree = "<group>"; };
		1B20F6002C40000100100019 /* Assets.xcassets */ = {isa = PBXFileReference; lastKnownFileType = folder.assetcatalog; path = Assets.xcassets; sourceTree = "<group>"; };
		1B20F6002C40000100100065 /* PrivacyInfo.xcprivacy */ = {isa = PBXFileReference; lastKnownFileType = text.plist.xml; path = PrivacyInfo.xcprivacy; sourceTree = "<group>"; };
		1B20F6002C40000100100050 /* MorpheModels.swift */ = {isa = PBXFileReference; lastKnownFileType = sourcecode.swift; path = MorpheModels.swift; sourceTree = "<group>"; };
		1B20F6002C40000100100051 /* MorpheServices.swift */ = {isa = PBXFileReference; lastKnownFileType = sourcecode.swift; path = MorpheServices.swift; sourceTree = "<group>"; };
		1B20F6002C40000100100052 /* MorpheStore.swift */ = {isa = PBXFileReference; lastKnownFileType = sourcecode.swift; path = MorpheStore.swift; sourceTree = "<group>"; };
		1B20F6002C40000100100053 /* OnboardingView.swift */ = {isa = PBXFileReference; lastKnownFileType = sourcecode.swift; path = OnboardingView.swift; sourceTree = "<group>"; };
		1B20F6002C40000100100067 /* AuthView.swift */ = {isa = PBXFileReference; lastKnownFileType = sourcecode.swift; path = AuthView.swift; sourceTree = "<group>"; };
		1B20F6002C40000100100054 /* JournalScheduleView.swift */ = {isa = PBXFileReference; lastKnownFileType = sourcecode.swift; path = JournalScheduleView.swift; sourceTree = "<group>"; };
		1B20F6002C40000100100055 /* CoachDashboardView.swift */ = {isa = PBXFileReference; lastKnownFileType = sourcecode.swift; path = CoachDashboardView.swift; sourceTree = "<group>"; };
		1B20F6002C40000100100061 /* DiscoverView.swift */ = {isa = PBXFileReference; lastKnownFileType = sourcecode.swift; path = DiscoverView.swift; sourceTree = "<group>"; };
		1B20F6002C40000100100062 /* MoreView.swift */ = {isa = PBXFileReference; lastKnownFileType = sourcecode.swift; path = MoreView.swift; sourceTree = "<group>"; };
		1B20F6002C40000100100063 /* WorkoutPersistence.swift */ = {isa = PBXFileReference; lastKnownFileType = sourcecode.swift; path = WorkoutPersistence.swift; sourceTree = "<group>"; };
		1B20F6002C40000100100064 /* ProfilePersistence.swift */ = {isa = PBXFileReference; lastKnownFileType = sourcecode.swift; path = ProfilePersistence.swift; sourceTree = "<group>"; };
		1B20F6002C40000100100066 /* Accounts.swift */ = {isa = PBXFileReference; lastKnownFileType = sourcecode.swift; path = Accounts.swift; sourceTree = "<group>"; };
		1B20F6002C400001001000A1 /* MorpheTests.xctest */ = {isa = PBXFileReference; explicitFileType = wrapper.cfbundle; includeInIndex = 0; path = MorpheTests.xctest; sourceTree = BUILT_PRODUCTS_DIR; };
		1B20F6002C400001001000A9 /* PersistenceTests.swift */ = {isa = PBXFileReference; lastKnownFileType = sourcecode.swift; path = PersistenceTests.swift; sourceTree = "<group>"; };
/* End PBXFileReference section */

/* Begin PBXFrameworksBuildPhase section */
		1B20F6002C40000100100020 /* Frameworks */ = {
			isa = PBXFrameworksBuildPhase;
			buildActionMask = 2147483647;
			files = (
			);
			runOnlyForDeploymentPostprocessing = 0;
		};
		1B20F6002C400001001000A3 /* Frameworks */ = {
			isa = PBXFrameworksBuildPhase;
			buildActionMask = 2147483647;
			files = (
			);
			runOnlyForDeploymentPostprocessing = 0;
		};
/* End PBXFrameworksBuildPhase section */

/* Begin PBXGroup section */
		1B20F6002C40000100100021 = {
			isa = PBXGroup;
			children = (
				1B20F6002C40000100100022 /* Morphe */,
				1B20F6002C400001001000A8 /* MorpheTests */,
				1B20F6002C40000100100023 /* Products */,
			);
			sourceTree = "<group>";
		};
		1B20F6002C40000100100022 /* Morphe */ = {
			isa = PBXGroup;
			children = (
				1B20F6002C40000100100011 /* MorpheApp.swift */,
				1B20F6002C40000100100012 /* RootView.swift */,
				1B20F6002C40000100100013 /* MorpheTheme.swift */,
				1B20F6002C40000100100014 /* GlassCard.swift */,
				1B20F6002C40000100100056 /* Core */,
				1B20F6002C40000100100057 /* Features */,
				1B20F6002C40000100100015 /* HomeView.swift */,
				1B20F6002C40000100100016 /* WorkoutView.swift */,
				1B20F6002C40000100100017 /* ProgressView.swift */,
				1B20F6002C40000100100062 /* MoreView.swift */,
				1B20F6002C40000100100018 /* ChatView.swift */,
				1B20F6002C40000100100019 /* Assets.xcassets */,
				1B20F6002C40000100100065 /* PrivacyInfo.xcprivacy */,
			);
			path = Morphe;
			sourceTree = "<group>";
		};
		1B20F6002C40000100100023 /* Products */ = {
			isa = PBXGroup;
			children = (
				1B20F6002C40000100100010 /* Morphe.app */,
				1B20F6002C400001001000A1 /* MorpheTests.xctest */,
			);
			name = Products;
			sourceTree = "<group>";
		};
		1B20F6002C40000100100056 /* Core */ = {
			isa = PBXGroup;
			children = (
				1B20F6002C40000100100050 /* MorpheModels.swift */,
				1B20F6002C40000100100051 /* MorpheServices.swift */,
				1B20F6002C40000100100052 /* MorpheStore.swift */,
				1B20F6002C40000100100063 /* WorkoutPersistence.swift */,
				1B20F6002C40000100100064 /* ProfilePersistence.swift */,
				1B20F6002C40000100100066 /* Accounts.swift */,
			);
			path = Core;
			sourceTree = "<group>";
		};
		1B20F6002C40000100100057 /* Features */ = {
			isa = PBXGroup;
			children = (
				1B20F6002C40000100100058 /* Client */,
				1B20F6002C40000100100059 /* Coach */,
				1B20F6002C40000100100060 /* Shared */,
			);
			path = Features;
			sourceTree = "<group>";
		};
		1B20F6002C40000100100058 /* Client */ = {
			isa = PBXGroup;
			children = (
				1B20F6002C40000100100061 /* DiscoverView.swift */,
				1B20F6002C40000100100054 /* JournalScheduleView.swift */,
			);
			path = Client;
			sourceTree = "<group>";
		};
		1B20F6002C40000100100059 /* Coach */ = {
			isa = PBXGroup;
			children = (
				1B20F6002C40000100100055 /* CoachDashboardView.swift */,
			);
			path = Coach;
			sourceTree = "<group>";
		};
		1B20F6002C40000100100060 /* Shared */ = {
			isa = PBXGroup;
			children = (
				1B20F6002C40000100100053 /* OnboardingView.swift */,
				1B20F6002C40000100100067 /* AuthView.swift */,
			);
			path = Shared;
			sourceTree = "<group>";
		};
		1B20F6002C400001001000A8 /* MorpheTests */ = {
			isa = PBXGroup;
			children = (
				1B20F6002C400001001000A9 /* PersistenceTests.swift */,
			);
			path = MorpheTests;
			sourceTree = "<group>";
		};
/* End PBXGroup section */

/* Begin PBXNativeTarget section */
		1B20F6002C40000100100024 /* Morphe */ = {
			isa = PBXNativeTarget;
			buildConfigurationList = 1B20F6002C40000100100025 /* Build configuration list for PBXNativeTarget "Morphe" */;
			buildPhases = (
				1B20F6002C40000100100026 /* Sources */,
				1B20F6002C40000100100020 /* Frameworks */,
				1B20F6002C40000100100027 /* Resources */,
			);
			buildRules = (
			);
			dependencies = (
			);
			name = Morphe;
			productName = Morphe;
			productReference = 1B20F6002C40000100100010 /* Morphe.app */;
			productType = "com.apple.product-type.application";
		};
		1B20F6002C400001001000A0 /* MorpheTests */ = {
			isa = PBXNativeTarget;
			buildConfigurationList = 1B20F6002C400001001000A5 /* Build configuration list for PBXNativeTarget "MorpheTests" */;
			buildPhases = (
				1B20F6002C400001001000A2 /* Sources */,
				1B20F6002C400001001000A3 /* Frameworks */,
			);
			buildRules = (
			);
			dependencies = (
				1B20F6002C400001001000AB /* PBXTargetDependency */,
			);
			name = MorpheTests;
			productName = MorpheTests;
			productReference = 1B20F6002C400001001000A1 /* MorpheTests.xctest */;
			productType = "com.apple.product-type.bundle.unit-test";
		};
/* End PBXNativeTarget section */

/* Begin PBXProject section */
		1B20F6002C40000100100028 /* Project object */ = {
			isa = PBXProject;
			attributes = {
				BuildIndependentTargetsInParallel = 1;
				LastSwiftUpdateCheck = 1640;
				LastUpgradeCheck = 1640;
				TargetAttributes = {
					1B20F6002C40000100100024 = {
						CreatedOnToolsVersion = 16.4;
					};
					1B20F6002C400001001000A0 = {
						CreatedOnToolsVersion = 16.4;
						TestTargetID = 1B20F6002C40000100100024;
					};
				};
			};
			buildConfigurationList = 1B20F6002C40000100100029 /* Build configuration list for PBXProject "Morphe" */;
			compatibilityVersion = "Xcode 14.0";
			developmentRegion = en;
			hasScannedForEncodings = 0;
			knownRegions = (
				en,
				Base,
			);
			mainGroup = 1B20F6002C40000100100021;
			productRefGroup = 1B20F6002C40000100100023 /* Products */;
			projectDirPath = "";
			projectRoot = "";
			targets = (
				1B20F6002C40000100100024 /* Morphe */,
				1B20F6002C400001001000A0 /* MorpheTests */,
			);
		};
/* End PBXProject section */

/* Begin PBXResourcesBuildPhase section */
		1B20F6002C40000100100027 /* Resources */ = {
			isa = PBXResourcesBuildPhase;
			buildActionMask = 2147483647;
			files = (
				1B20F6002C40000100100009 /* Assets.xcassets in Resources */,
				1B20F6002C4000010010004A /* PrivacyInfo.xcprivacy in Resources */,
			);
			runOnlyForDeploymentPostprocessing = 0;
		};
/* End PBXResourcesBuildPhase section */

/* Begin PBXSourcesBuildPhase section */
		1B20F6002C40000100100026 /* Sources */ = {
			isa = PBXSourcesBuildPhase;
			buildActionMask = 2147483647;
			files = (
				1B20F6002C40000100100001 /* MorpheApp.swift in Sources */,
				1B20F6002C40000100100002 /* RootView.swift in Sources */,
				1B20F6002C40000100100003 /* MorpheTheme.swift in Sources */,
				1B20F6002C40000100100004 /* GlassCard.swift in Sources */,
				1B20F6002C40000100100005 /* HomeView.swift in Sources */,
				1B20F6002C40000100100006 /* WorkoutView.swift in Sources */,
				1B20F6002C40000100100007 /* ProgressView.swift in Sources */,
				1B20F6002C40000100100008 /* ChatView.swift in Sources */,
				1B20F6002C40000100100040 /* MorpheModels.swift in Sources */,
				1B20F6002C40000100100041 /* MorpheServices.swift in Sources */,
				1B20F6002C40000100100042 /* MorpheStore.swift in Sources */,
				1B20F6002C40000100100043 /* OnboardingView.swift in Sources */,
				1B20F6002C4000010010004C /* AuthView.swift in Sources */,
				1B20F6002C40000100100044 /* JournalScheduleView.swift in Sources */,
				1B20F6002C40000100100045 /* CoachDashboardView.swift in Sources */,
				1B20F6002C40000100100046 /* DiscoverView.swift in Sources */,
				1B20F6002C40000100100047 /* MoreView.swift in Sources */,
				1B20F6002C40000100100048 /* WorkoutPersistence.swift in Sources */,
				1B20F6002C40000100100049 /* ProfilePersistence.swift in Sources */,
				1B20F6002C4000010010004B /* Accounts.swift in Sources */,
			);
			runOnlyForDeploymentPostprocessing = 0;
		};
		1B20F6002C400001001000A2 /* Sources */ = {
			isa = PBXSourcesBuildPhase;
			buildActionMask = 2147483647;
			files = (
				1B20F6002C400001001000AA /* PersistenceTests.swift in Sources */,
			);
			runOnlyForDeploymentPostprocessing = 0;
		};
/* End PBXSourcesBuildPhase section */

/* Begin XCBuildConfiguration section */
		1B20F6002C40000100100030 /* Debug */ = {
			isa = XCBuildConfiguration;
			buildSettings = {
				ALWAYS_SEARCH_USER_PATHS = NO;
				ASSETCATALOG_COMPILER_GENERATE_SWIFT_ASSET_SYMBOL_EXTENSIONS = YES;
				CLANG_ANALYZER_NONNULL = YES;
				CLANG_ANALYZER_NUMBER_OBJECT_CONVERSION = YES_AGGRESSIVE;
				CLANG_CXX_LANGUAGE_STANDARD = "gnu++20";
				CLANG_ENABLE_MODULES = YES;
				CLANG_ENABLE_OBJC_ARC = YES;
				CLANG_ENABLE_OBJC_WEAK = YES;
				CLANG_WARN_BLOCK_CAPTURE_AUTORELEASING = YES;
				CLANG_WARN_BOOL_CONVERSION = YES;
				CLANG_WARN_COMMA = YES;
				CLANG_WARN_CONSTANT_CONVERSION = YES;
				CLANG_WARN_DEPRECATED_OBJC_IMPLEMENTATIONS = YES;
				CLANG_WARN_DIRECT_OBJC_ISA_USAGE = YES_ERROR;
				CLANG_WARN_DOCUMENTATION_COMMENTS = YES;
				CLANG_WARN_EMPTY_BODY = YES;
				CLANG_WARN_ENUM_CONVERSION = YES;
				CLANG_WARN_INFINITE_RECURSION = YES;
				CLANG_WARN_INT_CONVERSION = YES;
				CLANG_WARN_NON_LITERAL_NULL_CONVERSION = YES;
				CLANG_WARN_OBJC_IMPLICIT_RETAIN_SELF = YES;
				CLANG_WARN_OBJC_LITERAL_CONVERSION = YES;
				CLANG_WARN_OBJC_ROOT_CLASS = YES_ERROR;
				CLANG_WARN_QUOTED_INCLUDE_IN_FRAMEWORK_HEADER = YES;
				CLANG_WARN_RANGE_LOOP_ANALYSIS = YES;
				CLANG_WARN_STRICT_PROTOTYPES = YES;
				CLANG_WARN_SUSPICIOUS_MOVE = YES;
				CLANG_WARN_UNGUARDED_AVAILABILITY = YES_AGGRESSIVE;
				CLANG_WARN_UNREACHABLE_CODE = YES;
				CLANG_WARN__DUPLICATE_METHOD_MATCH = YES;
				COPY_PHASE_STRIP = NO;
				DEBUG_INFORMATION_FORMAT = dwarf;
				ENABLE_STRICT_OBJC_MSGSEND = YES;
				ENABLE_TESTABILITY = YES;
				ENABLE_USER_SCRIPT_SANDBOXING = YES;
				GCC_C_LANGUAGE_STANDARD = gnu17;
				GCC_DYNAMIC_NO_PIC = NO;
				GCC_NO_COMMON_BLOCKS = YES;
				GCC_OPTIMIZATION_LEVEL = 0;
				GCC_PREPROCESSOR_DEFINITIONS = (
					"DEBUG=1",
					"$(inherited)",
				);
				GCC_WARN_64_TO_32_BIT_CONVERSION = YES;
				GCC_WARN_ABOUT_RETURN_TYPE = YES_ERROR;
				GCC_WARN_UNDECLARED_SELECTOR = YES;
				GCC_WARN_UNINITIALIZED_AUTOS = YES_AGGRESSIVE;
				GCC_WARN_UNUSED_FUNCTION = YES;
				GCC_WARN_UNUSED_VARIABLE = YES;
				IPHONEOS_DEPLOYMENT_TARGET = 17.0;
				MTL_ENABLE_DEBUG_INFO = INCLUDE_SOURCE;
				MTL_FAST_MATH = YES;
				ONLY_ACTIVE_ARCH = YES;
				SDKROOT = iphoneos;
				SWIFT_ACTIVE_COMPILATION_CONDITIONS = DEBUG;
				SWIFT_OPTIMIZATION_LEVEL = "-Onone";
			};
			name = Debug;
		};
		1B20F6002C40000100100031 /* Release */ = {
			isa = XCBuildConfiguration;
			buildSettings = {
				ALWAYS_SEARCH_USER_PATHS = NO;
				ASSETCATALOG_COMPILER_GENERATE_SWIFT_ASSET_SYMBOL_EXTENSIONS = YES;
				CLANG_ANALYZER_NONNULL = YES;
				CLANG_ANALYZER_NUMBER_OBJECT_CONVERSION = YES_AGGRESSIVE;
				CLANG_CXX_LANGUAGE_STANDARD = "gnu++20";
				CLANG_ENABLE_MODULES = YES;
				CLANG_ENABLE_OBJC_ARC = YES;
				CLANG_ENABLE_OBJC_WEAK = YES;
				CLANG_WARN_BLOCK_CAPTURE_AUTORELEASING = YES;
				CLANG_WARN_BOOL_CONVERSION = YES;
				CLANG_WARN_COMMA = YES;
				CLANG_WARN_CONSTANT_CONVERSION = YES;
				CLANG_WARN_DEPRECATED_OBJC_IMPLEMENTATIONS = YES;
				CLANG_WARN_DIRECT_OBJC_ISA_USAGE = YES_ERROR;
				CLANG_WARN_DOCUMENTATION_COMMENTS = YES;
				CLANG_WARN_EMPTY_BODY = YES;
				CLANG_WARN_ENUM_CONVERSION = YES;
				CLANG_WARN_INFINITE_RECURSION = YES;
				CLANG_WARN_INT_CONVERSION = YES;
				CLANG_WARN_NON_LITERAL_NULL_CONVERSION = YES_AGGRESSIVE;
				CLANG_WARN_OBJC_IMPLICIT_RETAIN_SELF = YES;
				CLANG_WARN_OBJC_LITERAL_CONVERSION = YES;
				CLANG_WARN_OBJC_ROOT_CLASS = YES_ERROR;
				CLANG_WARN_QUOTED_INCLUDE_IN_FRAMEWORK_HEADER = YES;
				CLANG_WARN_RANGE_LOOP_ANALYSIS = YES;
				CLANG_WARN_STRICT_PROTOTYPES = YES;
				CLANG_WARN_SUSPICIOUS_MOVE = YES;
				CLANG_WARN_UNGUARDED_AVAILABILITY = YES_AGGRESSIVE;
				CLANG_WARN_UNREACHABLE_CODE = YES;
				CLANG_WARN__DUPLICATE_METHOD_MATCH = YES;
				COPY_PHASE_STRIP = NO;
				DEBUG_INFORMATION_FORMAT = "dwarf-with-dsym";
				ENABLE_NS_ASSERTIONS = NO;
				ENABLE_STRICT_OBJC_MSGSEND = YES;
				ENABLE_USER_SCRIPT_SANDBOXING = YES;
				GCC_C_LANGUAGE_STANDARD = gnu17;
				GCC_NO_COMMON_BLOCKS = YES;
				GCC_WARN_64_TO_32_BIT_CONVERSION = YES;
				GCC_WARN_ABOUT_RETURN_TYPE = YES_ERROR;
				GCC_WARN_UNDECLARED_SELECTOR = YES;
				GCC_WARN_UNINITIALIZED_AUTOS = YES_AGGRESSIVE;
				GCC_WARN_UNUSED_FUNCTION = YES;
				GCC_WARN_UNUSED_VARIABLE = YES;
				IPHONEOS_DEPLOYMENT_TARGET = 17.0;
				MTL_ENABLE_DEBUG_INFO = NO;
				MTL_FAST_MATH = YES;
				SDKROOT = iphoneos;
				SWIFT_COMPILATION_MODE = wholemodule;
				SWIFT_OPTIMIZATION_LEVEL = "-O";
				VALIDATE_PRODUCT = YES;
			};
			name = Release;
		};
		1B20F6002C40000100100032 /* Debug */ = {
			isa = XCBuildConfiguration;
			buildSettings = {
				ASSETCATALOG_COMPILER_ACCENT_COLOR_NAME = AccentColor;
				ASSETCATALOG_COMPILER_APPICON_NAME = AppIcon;
				CODE_SIGN_STYLE = Automatic;
				CURRENT_PROJECT_VERSION = 1;
				DEVELOPMENT_TEAM = 8P47H3XRN3;
				ENABLE_PREVIEWS = YES;
				GENERATE_INFOPLIST_FILE = YES;
				INFOPLIST_KEY_UIApplicationSceneManifest_Generation = YES;
				INFOPLIST_KEY_UIApplicationSupportsIndirectInputEvents = YES;
				INFOPLIST_KEY_UILaunchScreen_Generation = YES;
				INFOPLIST_KEY_UISupportedInterfaceOrientations_iPad = "UIInterfaceOrientationPortrait UIInterfaceOrientationPortraitUpsideDown UIInterfaceOrientationLandscapeLeft UIInterfaceOrientationLandscapeRight";
				INFOPLIST_KEY_UISupportedInterfaceOrientations_iPhone = "UIInterfaceOrientationPortrait UIInterfaceOrientationLandscapeLeft UIInterfaceOrientationLandscapeRight";
				IPHONEOS_DEPLOYMENT_TARGET = 17.0;
				LD_RUNPATH_SEARCH_PATHS = (
					"$(inherited)",
					"@executable_path/Frameworks",
				);
				MARKETING_VERSION = 1.0;
				PRODUCT_BUNDLE_IDENTIFIER = com.lucas.Morphe;
				PRODUCT_NAME = "$(TARGET_NAME)";
				SWIFT_EMIT_LOC_STRINGS = YES;
				SWIFT_VERSION = 5.0;
				TARGETED_DEVICE_FAMILY = "1,2";
			};
			name = Debug;
		};
		1B20F6002C40000100100033 /* Release */ = {
			isa = XCBuildConfiguration;
			buildSettings = {
				ASSETCATALOG_COMPILER_ACCENT_COLOR_NAME = AccentColor;
				ASSETCATALOG_COMPILER_APPICON_NAME = AppIcon;
				CODE_SIGN_STYLE = Automatic;
				CURRENT_PROJECT_VERSION = 1;
				DEVELOPMENT_TEAM = 8P47H3XRN3;
				ENABLE_PREVIEWS = YES;
				GENERATE_INFOPLIST_FILE = YES;
				INFOPLIST_KEY_UIApplicationSceneManifest_Generation = YES;
				INFOPLIST_KEY_UIApplicationSupportsIndirectInputEvents = YES;
				INFOPLIST_KEY_UILaunchScreen_Generation = YES;
				INFOPLIST_KEY_UISupportedInterfaceOrientations_iPad = "UIInterfaceOrientationPortrait UIInterfaceOrientationPortraitUpsideDown UIInterfaceOrientationLandscapeLeft UIInterfaceOrientationLandscapeRight";
				INFOPLIST_KEY_UISupportedInterfaceOrientations_iPhone = "UIInterfaceOrientationPortrait UIInterfaceOrientationLandscapeLeft UIInterfaceOrientationLandscapeRight";
				IPHONEOS_DEPLOYMENT_TARGET = 17.0;
				LD_RUNPATH_SEARCH_PATHS = (
					"$(inherited)",
					"@executable_path/Frameworks",
				);
				MARKETING_VERSION = 1.0;
				PRODUCT_BUNDLE_IDENTIFIER = com.lucas.Morphe;
				PRODUCT_NAME = "$(TARGET_NAME)";
				SWIFT_EMIT_LOC_STRINGS = YES;
				SWIFT_VERSION = 5.0;
				TARGETED_DEVICE_FAMILY = "1,2";
			};
			name = Release;
		};
		1B20F6002C400001001000A6 /* Debug */ = {
			isa = XCBuildConfiguration;
			buildSettings = {
				BUNDLE_LOADER = "$(TEST_HOST)";
				CODE_SIGN_STYLE = Automatic;
				CURRENT_PROJECT_VERSION = 1;
				DEVELOPMENT_TEAM = 8P47H3XRN3;
				GENERATE_INFOPLIST_FILE = YES;
				IPHONEOS_DEPLOYMENT_TARGET = 17.0;
				MARKETING_VERSION = 1.0;
				PRODUCT_BUNDLE_IDENTIFIER = com.lucas.MorpheTests;
				PRODUCT_NAME = "$(TARGET_NAME)";
				SWIFT_EMIT_LOC_STRINGS = NO;
				SWIFT_VERSION = 5.0;
				TARGETED_DEVICE_FAMILY = "1,2";
				TEST_HOST = "$(BUILT_PRODUCTS_DIR)/Morphe.app/$(BUNDLE_EXECUTABLE_FOLDER_PATH)/Morphe";
			};
			name = Debug;
		};
		1B20F6002C400001001000A7 /* Release */ = {
			isa = XCBuildConfiguration;
			buildSettings = {
				BUNDLE_LOADER = "$(TEST_HOST)";
				CODE_SIGN_STYLE = Automatic;
				CURRENT_PROJECT_VERSION = 1;
				DEVELOPMENT_TEAM = 8P47H3XRN3;
				GENERATE_INFOPLIST_FILE = YES;
				IPHONEOS_DEPLOYMENT_TARGET = 17.0;
				MARKETING_VERSION = 1.0;
				PRODUCT_BUNDLE_IDENTIFIER = com.lucas.MorpheTests;
				PRODUCT_NAME = "$(TARGET_NAME)";
				SWIFT_EMIT_LOC_STRINGS = NO;
				SWIFT_VERSION = 5.0;
				TARGETED_DEVICE_FAMILY = "1,2";
				TEST_HOST = "$(BUILT_PRODUCTS_DIR)/Morphe.app/$(BUNDLE_EXECUTABLE_FOLDER_PATH)/Morphe";
			};
			name = Release;
		};
/* End XCBuildConfiguration section */

/* Begin XCConfigurationList section */
		1B20F6002C40000100100025 /* Build configuration list for PBXNativeTarget "Morphe" */ = {
			isa = XCConfigurationList;
			buildConfigurations = (
				1B20F6002C40000100100032 /* Debug */,
				1B20F6002C40000100100033 /* Release */,
			);
			defaultConfigurationIsVisible = 0;
			defaultConfigurationName = Release;
		};
		1B20F6002C40000100100029 /* Build configuration list for PBXProject "Morphe" */ = {
			isa = XCConfigurationList;
			buildConfigurations = (
				1B20F6002C40000100100030 /* Debug */,
				1B20F6002C40000100100031 /* Release */,
			);
			defaultConfigurationIsVisible = 0;
			defaultConfigurationName = Release;
		};
		1B20F6002C400001001000A5 /* Build configuration list for PBXNativeTarget "MorpheTests" */ = {
			isa = XCConfigurationList;
			buildConfigurations = (
				1B20F6002C400001001000A6 /* Debug */,
				1B20F6002C400001001000A7 /* Release */,
			);
			defaultConfigurationIsVisible = 0;
			defaultConfigurationName = Release;
		};
/* End XCConfigurationList section */
	};
	rootObject = 1B20F6002C40000100100028 /* Project object */;
}
